version = 1
revision = 3
requires-python = ">=3.13"

[[package]]
name = "certifi"
version = "2022.5.18.1"
source = { registry = "https://pypi.org/simple" }
sdist = { url = "https://files.pythonhosted.org/packages/07/10/75277f313d13a2b74fc56e29239d5c840c2bf09f17bf25c02b35558812c6/certifi-2022.5.18.1.tar.gz", hash = "sha256:9c5705e395cd70084351dd8ad5c41e65655e08ce46f2ec9cf6c2c08390f71eb7", size = 156701, upload-time = "2022-05-19T19:21:31.482Z" }
wheels = [
    { url = "https://files.pythonhosted.org/packages/11/dd/e015f3780f42dd9af62cf0107b44ea1298926627ecd70c17b0e484e95bcd/certifi-2022.5.18.1-py3-none-any.whl", hash = "sha256:f1d53542ee8cbedbe2118b5686372fb33c297fcd6379b050cca0ef13a597382a", size = 155170, upload-time = "2022-05-19T19:21:28.863Z" },
]

[[package]]
name = "charset-normalizer"
version = "2.0.12"
source = { registry = "https://pypi.org/simple" }
sdist = { url = "https://files.pythonhosted.org/packages/56/31/7bcaf657fafb3c6db8c787a865434290b726653c912085fbd371e9b92e1c/charset-normalizer-2.0.12.tar.gz", hash = "sha256:2857e29ff0d34db842cd7ca3230549d1a697f96ee6d3fb071cfa6c7393832597", size = 79105, upload-time = "2022-02-12T14:33:13.788Z" }
wheels = [
    { url = "https://files.pythonhosted.org/packages/06/b3/24afc8868eba069a7f03650ac750a778862dc34941a4bebeb58706715726/charset_normalizer-2.0.12-py3-none-any.whl", hash = "sha256:6881edbebdb17b39b4eaaa821b438bf6eddffb4468cf344f09f89def34a8b1df", size = 39623, upload-time = "2022-02-12T14:33:12.294Z" },
]

[[package]]
name = "django-environ"
version = "0.12.0"
source = { registry = "https://pypi.org/simple" }
sdist = { url = "https://files.pythonhosted.org/packages/d6/04/65d2521842c42f4716225f20d8443a50804920606aec018188bbee30a6b0/django_environ-0.12.0.tar.gz", hash = "sha256:227dc891453dd5bde769c3449cf4a74b6f2ee8f7ab2361c93a07068f4179041a", size = 56804, upload-time = "2025-01-13T17:03:37.74Z" }
wheels = [
    { url = "https://files.pythonhosted.org/packages/83/b3/0a3bec4ecbfee960f39b1842c2f91e4754251e0a6ed443db9fe3f666ba8f/django_environ-0.12.0-py2.py3-none-any.whl", hash = "sha256:92fb346a158abda07ffe6eb23135ce92843af06ecf8753f43adf9d2366dcc0ca", size = 19957, upload-time = "2025-01-13T17:03:32.918Z" },
]

[[package]]
name = "idna"
version = "3.3"
source = { registry = "https://pypi.org/simple" }
sdist = { url = "https://files.pythonhosted.org/packages/62/08/e3fc7c8161090f742f504f40b1bccbfc544d4a4e09eb774bf40aafce5436/idna-3.3.tar.gz", hash = "sha256:9d643ff0a55b762d5cdb124b8eaa99c66322e2157b69160bc32796e824360e6d", size = 286689, upload-time = "2021-10-12T23:33:41.312Z" }
wheels = [
    { url = "https://files.pythonhosted.org/packages/04/a2/d918dcd22354d8958fe113e1a3630137e0fc8b44859ade3063982eacd2a4/idna-3.3-py3-none-any.whl", hash = "sha256:84d9dd047ffa80596e0f246e2eab0b391788b0503584e8945f2368256d2735ff", size = 61160, upload-time = "2021-10-12T23:33:38.02Z" },
]

[[package]]
name = "psycopg2"
version = "2.9.10"
source = { registry = "https://pypi.org/simple" }
sdist = { url = "https://files.pythonhosted.org/packages/62/51/2007ea29e605957a17ac6357115d0c1a1b60c8c984951c19419b3474cdfd/psycopg2-2.9.10.tar.gz", hash = "sha256:12ec0b40b0273f95296233e8750441339298e6a572f7039da5b260e3c8b60e11", size = 385672, upload-time = "2024-10-16T11:24:54.832Z" }
wheels = [
    { url = "https://files.pythonhosted.org/packages/ae/49/a6cfc94a9c483b1fa401fbcb23aca7892f60c7269c5ffa2ac408364f80dc/psycopg2-2.9.10-cp313-cp313-win_amd64.whl", hash = "sha256:91fd603a2155da8d0cfcdbf8ab24a2d54bca72795b90d2a3ed2b6da8d979dee2", size = 2569060, upload-time = "2025-01-04T20:09:15.28Z" },
]

[[package]]
name = "pytelegrambotapi"
version = "4.5.1"
source = { registry = "https://pypi.org/simple" }
dependencies = [
    { name = "requests" },
]
sdist = { url = "https://files.pythonhosted.org/packages/29/5c/bbadf8232cf6b68c716bb01a63fd4e0dc22a4f10b4f271cf57cf78b2954c/pyTelegramBotAPI-4.5.1.tar.gz", hash = "sha256:0a5cdd92f1f5bb3d6a87fab7a6b7e7f27d1ea2c637cb7994b1c6dbe0429b9894", size = 157565, upload-time = "2022-05-07T19:44:43.612Z" }

[[package]]
name = "python-dotenv"
version = "1.0.1"
source = { registry = "https://pypi.org/simple" }
sdist = { url = "https://files.pythonhosted.org/packages/bc/57/e84d88dfe0aec03b7a2d4327012c1627ab5f03652216c63d49846d7a6c58/python-dotenv-1.0.1.tar.gz", hash = "sha256:e324ee90a023d808f1959c46bcbc04446a10ced277783dc6ee09987c37ec10ca", size = 39115, upload-time = "2024-01-23T06:33:00.505Z" }
wheels = [
    { url = "https://files.pythonhosted.org/packages/6a/3e/b68c118422ec867fa7ab88444e1274aa40681c606d59ac27de5a5588f082/python_dotenv-1.0.1-py3-none-any.whl", hash = "sha256:f7b63ef50f1b690dddf550d03497b66d609393b40b564ed0d674909a68ebf16a", size = 19863, upload-time = "2024-01-23T06:32:58.246Z" },
]

[[package]]
name = "requests"
version = "2.27.1"
source = { registry = "https://pypi.org/simple" }
dependencies = [
    { name = "certifi" },
    { name = "charset-normalizer" },
    { name = "idna" },
    { name = "urllib3" },
]
sdist = { url = "https://files.pythonhosted.org/packages/60/f3/26ff3767f099b73e0efa138a9998da67890793bfa475d8278f84a30fec77/requests-2.27.1.tar.gz", hash = "sha256:68d7c56fd5a8999887728ef304a6d12edc7be74f1cfa47714fc8b414525c9a61", size = 106758, upload-time = "2022-01-05T15:40:51.698Z" }
wheels = [
    { url = "https://files.pythonhosted.org/packages/2d/61/08076519c80041bc0ffa1a8af0cbd3bf3e2b62af10435d269a9d0f40564d/requests-2.27.1-py2.py3-none-any.whl", hash = "sha256:f22fa1e554c9ddfd16e6e41ac79759e17be9e492b3587efa038054674760e72d", size = 63133, upload-time = "2022-01-05T15:40:49.334Z" },
]

[[package]]
name = "secretary-faculty"
version = "0.1.0"
source = { virtual = "." }
dependencies = [
    { name = "certifi" },
    { name = "charset-normalizer" },
    { name = "django-environ" },
    { name = "idna" },
    { name = "psycopg2" },
    { name = "pytelegrambotapi" },
    { name = "python-dotenv" },
    { name = "requests" },
    { name = "urllib3" },
]

[package.metadata]
requires-dist = [
    { name = "certifi", specifier = "==2022.5.18.1" },
    { name = "charset-normalizer", specifier = "==2.0.12" },
    { name = "django-environ", specifier = ">=0.12.0" },
    { name = "idna", specifier = "==3.3" },
    { name = "psycopg2", specifier = "==2.9.10" },
    { name = "pytelegrambotapi", specifier = "==4.5.1" },
    { name = "python-dotenv", specifier = "==1.0.1" },
    { name = "requests", specifier = "==2.27.1" },
    { name = "urllib3", specifier = "==1.26.9" },
]

[[package]]
name = "urllib3"
version = "1.26.9"
source = { registry = "https://pypi.org/simple" }
sdist = { url = "https://files.pythonhosted.org/packages/1b/a5/4eab74853625505725cefdf168f48661b2cd04e7843ab836f3f63abf81da/urllib3-1.26.9.tar.gz", hash = "sha256:aabaf16477806a5e1dd19aa41f8c2b7950dd3c746362d7e3223dbe6de6ac448e", size = 295258, upload-time = "2022-03-16T13:28:19.197Z" }
wheels = [
    { url = "https://files.pythonhosted.org/packages/ec/03/062e6444ce4baf1eac17a6a0ebfe36bb1ad05e1df0e20b110de59c278498/urllib3-1.26.9-py2.py3-none-any.whl", hash = "sha256:44ece4d53fb1706f667c9bd1c648f5469a2ec925fcf3a776667042d645472c14", size = 138990, upload-time = "2022-03-16T13:28:16.026Z" },
]
